
Microsoft Visual Studio Solution File, Format Version 12.00
# Visual Studio Version 17
VisualStudioVersion = 17.14.36221.1
MinimumVisualStudioVersion = 10.0.40219.1
Project("{8BC9CEB8-8B4A-11D0-8D11-00A0C91BC942}") = "CoroutineServer", "CoroutineServer\CoroutineServer.vcxproj", "{5E2C3407-7AF1-4B67-9D5D-40A453F9BC07}"
EndProject
Project("{8BC9CEB8-8B4A-11D0-8D11-00A0C91BC942}") = "TestClient", "TestClient\TestClient.vcxproj", "{81B2CAFD-F3C8-46CE-A61A-014F7ACE2426}"
EndProject
Global
	GlobalSection(SolutionConfigurationPlatforms) = preSolution
		Debug|x64 = Debug|x64
		Debug|x86 = Debug|x86
		Release|x64 = Release|x64
		Release|x86 = Release|x86
	EndGlobalSection
	GlobalSection(ProjectConfigurationPlatforms) = postSolution
		{5E2C3407-7AF1-4B67-9D5D-40A453F9BC07}.Debug|x64.ActiveCfg = Debug|x64
		{5E2C3407-7AF1-4B67-9D5D-40A453F9BC07}.Debug|x64.Build.0 = Debug|x64
		{5E2C3407-7AF1-4B67-9D5D-40A453F9BC07}.Debug|x86.ActiveCfg = Debug|Win32
		{5E2C3407-7AF1-4B67-9D5D-40A453F9BC07}.Debug|x86.Build.0 = Debug|Win32
		{5E2C3407-7AF1-4B67-9D5D-40A453F9BC07}.Release|x64.ActiveCfg = Release|x64
		{5E2C3407-7AF1-4B67-9D5D-40A453F9BC07}.Release|x64.Build.0 = Release|x64
		{5E2C3407-7AF1-4B67-9D5D-40A453F9BC07}.Release|x86.ActiveCfg = Release|Win32
		{5E2C3407-7AF1-4B67-9D5D-40A453F9BC07}.Release|x86.Build.0 = Release|Win32
		{81B2CAFD-F3C8-46CE-A61A-014F7ACE2426}.Debug|x64.ActiveCfg = Debug|x64
		{81B2CAFD-F3C8-46CE-A61A-014F7ACE2426}.Debug|x64.Build.0 = Debug|x64
		{81B2CAFD-F3C8-46CE-A61A-014F7ACE2426}.Debug|x86.ActiveCfg = Debug|Win32
		{81B2CAFD-F3C8-46CE-A61A-014F7ACE2426}.Debug|x86.Build.0 = Debug|Win32
		{81B2CAFD-F3C8-46CE-A61A-014F7ACE2426}.Release|x64.ActiveCfg = Release|x64
		{81B2CAFD-F3C8-46CE-A61A-014F7ACE2426}.Release|x64.Build.0 = Release|x64
		{81B2CAFD-F3C8-46CE-A61A-014F7ACE2426}.Release|x86.ActiveCfg = Release|Win32
		{81B2CAFD-F3C8-46CE-A61A-014F7ACE2426}.Release|x86.Build.0 = Release|Win32
	EndGlobalSection
	GlobalSection(SolutionProperties) = preSolution
		HideSolutionNode = FALSE
	EndGlobalSection
	GlobalSection(ExtensibilityGlobals) = postSolution
		SolutionGuid = {070183C0-ABBE-4FF4-B176-EFD99ED3E08C}
	EndGlobalSection
EndGlobal
